// !$*UTF8*$!
{
	archiveVersion = 1;
	classes = {
	};
	objectVersion = 46;
	objects = {

/* Begin PBXBuildFile section */
		17B2601E19D14B7E00AE73C1 /* main.m in Sources */ = {isa = PBXBuildFile; fileRef = 17B2601D19D14B7E00AE73C1 /* main.m */; };
		17B2602119D14B7E00AE73C1 /* AppDelegate.m in Sources */ = {isa = PBXBuildFile; fileRef = 17B2602019D14B7E00AE73C1 /* AppDelegate.m */; };
		17B2602419D14B7E00AE73C1 /* ViewController.m in Sources */ = {isa = PBXBuildFile; fileRef = 17B2602319D14B7E00AE73C1 /* ViewController.m */; };
		17B2602719D14B7E00AE73C1 /* Main.storyboard in Resources */ = {isa = PBXBuildFile; fileRef = 17B2602519D14B7E00AE73C1 /* Main.storyboard */; };
		17B2602919D14B7E00AE73C1 /* Images.xcassets in Resources */ = {isa = PBXBuildFile; fileRef = 17B2602819D14B7E00AE73C1 /* Images.xcassets */; };
		17B2602C19D14B7E00AE73C1 /* LaunchScreen.xib in Resources */ = {isa = PBXBuildFile; fileRef = 17B2602A19D14B7E00AE73C1 /* LaunchScreen.xib */; };
		17B2603819D14B7E00AE73C1 /* SegmentControlViewTests.m in Sources */ = {isa = PBXBuildFile; fileRef = 17B2603719D14B7E00AE73C1 /* SegmentControlViewTests.m */; };
		17B2604619D14C1A00AE73C1 /* SegmentView.m in Sources */ = {isa = PBXBuildFile; fileRef = 17B2604519D14C1A00AE73C1 /* SegmentView.m */; };
/* End PBXBuildFile section */

/* Begin PBXContainerItemProxy section */
		17B2603219D14B7E00AE73C1 /* PBXContainerItemProxy */ = {
			isa = PBXContainerItemProxy;
			containerPortal = 17B2601019D14B7E00AE73C1 /* Project object */;
			proxyType = 1;
			remoteGlobalIDString = 17B2601719D14B7E00AE73C1;
			remoteInfo = SegmentControlView;
		};
/* End PBXContainerItemProxy section */

/* Begin PBXFileReference section */
		17B2601819D14B7E00AE73C1 /* SegmentControlView.app */ = {isa = PBXFileReference; explicitFileType = wrapper.application; includeInIndex = 0; path = SegmentControlView.app; sourceTree = BUILT_PRODUCTS_DIR; };
		17B2601C19D14B7E00AE73C1 /* Info.plist */ = {isa = PBXFileReference; lastKnownFileType = text.plist.xml; path = Info.plist; sourceTree = "<group>"; };
		17B2601D19D14B7E00AE73C1 /* main.m */ = {isa = PBXFileReference; lastKnownFileType = sourcecode.c.objc; path = main.m; sourceTree = "<group>"; };
		17B2601F19D14B7E00AE73C1 /* AppDelegate.h */ = {isa = PBXFileReference; lastKnownFileType = sourcecode.c.h; path = AppDelegate.h; sourceTree = "<group>"; };
		17B2602019D14B7E00AE73C1 /* AppDelegate.m */ = {isa = PBXFileReference; lastKnownFileType = sourcecode.c.objc; path = AppDelegate.m; sourceTree = "<group>"; };
		17B2602219D14B7E00AE73C1 /* ViewController.h */ = {isa = PBXFileReference; lastKnownFileType = sourcecode.c.h; path = ViewController.h; sourceTree = "<group>"; };
		17B2602319D14B7E00AE73C1 /* ViewController.m */ = {isa = PBXFileReference; lastKnownFileType = sourcecode.c.objc; path = ViewController.m; sourceTree = "<group>"; };
		17B2602619D14B7E00AE73C1 /* Base */ = {isa = PBXFileReference; lastKnownFileType = file.storyboard; name = Base; path = Base.lproj/Main.storyboard; sourceTree = "<group>"; };
		17B2602819D14B7E00AE73C1 /* Images.xcassets */ = {isa = PBXFileReference; lastKnownFileType = folder.assetcatalog; path = Images.xcassets; sourceTree = "<group>"; };
		17B2602B19D14B7E00AE73C1 /* Base */ = {isa = PBXFileReference; lastKnownFileType = file.xib; name = Base; path = Base.lproj/LaunchScreen.xib; sourceTree = "<group>"; };
		17B2603119D14B7E00AE73C1 /* SegmentControlViewTests.xctest */ = {isa = PBXFileReference; explicitFileType = wrapper.cfbundle; includeInIndex = 0; path = SegmentControlViewTests.xctest; sourceTree = BUILT_PRODUCTS_DIR; };
		17B2603619D14B7E00AE73C1 /* Info.plist */ = {isa = PBXFileReference; lastKnownFileType = text.plist.xml; path = Info.plist; sourceTree = "<group>"; };
		17B2603719D14B7E00AE73C1 /* SegmentControlViewTests.m */ = {isa = PBXFileReference; lastKnownFileType = sourcecode.c.objc; path = SegmentControlViewTests.m; sourceTree = "<group>"; };
		17B2604419D14C1A00AE73C1 /* SegmentView.h */ = {isa = PBXFileReference; fileEncoding = 4; lastKnownFileType = sourcecode.c.h; path = SegmentView.h; sourceTree = "<group>"; };
		17B2604519D14C1A00AE73C1 /* SegmentView.m */ = {isa = PBXFileReference; fileEncoding = 4; lastKnownFileType = sourcecode.c.objc; path = SegmentView.m; sourceTree = "<group>"; };
/* End PBXFileReference section */

/* Begin PBXFrameworksBuildPhase section */
		17B2601519D14B7E00AE73C1 /* Frameworks */ = {
			isa = PBXFrameworksBuildPhase;
			buildActionMask = 2147483647;
			files = (
			);
			runOnlyForDeploymentPostprocessing = 0;
		};
		17B2602E19D14B7E00AE73C1 /* Frameworks */ = {
			isa = PBXFrameworksBuildPhase;
			buildActionMask = 2147483647;
			files = (
			);
			runOnlyForDeploymentPostprocessing = 0;
		};
/* End PBXFrameworksBuildPhase section */

/* Begin PBXGroup section */
		17B2600F19D14B7E00AE73C1 = {
			isa = PBXGroup;
			children = (
				17B2601A19D14B7E00AE73C1 /* SegmentControlView */,
				17B2603419D14B7E00AE73C1 /* SegmentControlViewTests */,
				17B2601919D14B7E00AE73C1 /* Products */,
			);
			sourceTree = "<group>";
		};
		17B2601919D14B7E00AE73C1 /* Products */ = {
			isa = PBXGroup;
			children = (
				17B2601819D14B7E00AE73C1 /* SegmentControlView.app */,
				17B2603119D14B7E00AE73C1 /* SegmentControlViewTests.xctest */,
			);
			name = Products;
			sourceTree = "<group>";
		};
		17B2601A19D14B7E00AE73C1 /* SegmentControlView */ = {
			isa = PBXGroup;
			children = (
				17B2601F19D14B7E00AE73C1 /* AppDelegate.h */,
				17B2602019D14B7E00AE73C1 /* AppDelegate.m */,
				17B2602219D14B7E00AE73C1 /* ViewController.h */,
				17B2602319D14B7E00AE73C1 /* ViewController.m */,
				17B2604419D14C1A00AE73C1 /* SegmentView.h */,
				17B2604519D14C1A00AE73C1 /* SegmentView.m */,
				17B2602519D14B7E00AE73C1 /* Main.storyboard */,
				17B2602819D14B7E00AE73C1 /* Images.xcassets */,
				17B2602A19D14B7E00AE73C1 /* LaunchScreen.xib */,
				17B2601B19D14B7E00AE73C1 /* Supporting Files */,
			);
			path = SegmentControlView;
			sourceTree = "<group>";
		};
		17B2601B19D14B7E00AE73C1 /* Supporting Files */ = {
			isa = PBXGroup;
			children = (
				17B2601C19D14B7E00AE73C1 /* Info.plist */,
				17B2601D19D14B7E00AE73C1 /* main.m */,
			);
			name = "Supporting Files";
			sourceTree = "<group>";
		};
		17B2603419D14B7E00AE73C1 /* SegmentControlViewTests */ = {
			isa = PBXGroup;
			children = (
				17B2603719D14B7E00AE73C1 /* SegmentControlViewTests.m */,
				17B2603519D14B7E00AE73C1 /* Supporting Files */,
			);
			path = SegmentControlViewTests;
			sourceTree = "<group>";
		};
		17B2603519D14B7E00AE73C1 /* Supporting Files */ = {
			isa = PBXGroup;
			children = (
				17B2603619D14B7E00AE73C1 /* Info.plist */,
			);
			name = "Supporting Files";
			sourceTree = "<group>";
		};
/* End PBXGroup section */

/* Begin PBXNativeTarget section */
		17B2601719D14B7E00AE73C1 /* SegmentControlView */ = {
			isa = PBXNativeTarget;
			buildConfigurationList = 17B2603B19D14B7E00AE73C1 /* Build configuration list for PBXNativeTarget "SegmentControlView" */;
			buildPhases = (
				17B2601419D14B7E00AE73C1 /* Sources */,
				17B2601519D14B7E00AE73C1 /* Frameworks */,
				17B2601619D14B7E00AE73C1 /* Resources */,
			);
			buildRules = (
			);
			dependencies = (
			);
			name = SegmentControlView;
			productName = SegmentControlView;
			productReference = 17B2601819D14B7E00AE73C1 /* SegmentControlView.app */;
			productType = "com.apple.product-type.application";
		};
		17B2603019D14B7E00AE73C1 /* SegmentControlViewTests */ = {
			isa = PBXNativeTarget;
			buildConfigurationList = 17B2603E19D14B7E00AE73C1 /* Build configuration list for PBXNativeTarget "SegmentControlViewTests" */;
			buildPhases = (
				17B2602D19D14B7E00AE73C1 /* Sources */,
				17B2602E19D14B7E00AE73C1 /* Frameworks */,
				17B2602F19D14B7E00AE73C1 /* Resources */,
			);
			buildRules = (
			);
			dependencies = (
				17B2603319D14B7E00AE73C1 /* PBXTargetDependency */,
			);
			name = SegmentControlViewTests;
			productName = SegmentControlViewTests;
			productReference = 17B2603119D14B7E00AE73C1 /* SegmentControlViewTests.xctest */;
			productType = "com.apple.product-type.bundle.unit-test";
		};
/* End PBXNativeTarget section */

/* Begin PBXProject section */
		17B2601019D14B7E00AE73C1 /* Project object */ = {
			isa = PBXProject;
			attributes = {
				LastUpgradeCheck = 0600;
				ORGANIZATIONNAME = je_ffy;
				TargetAttributes = {
					17B2601719D14B7E00AE73C1 = {
						CreatedOnToolsVersion = 6.0.1;
					};
					17B2603019D14B7E00AE73C1 = {
						CreatedOnToolsVersion = 6.0.1;
						TestTargetID = 17B2601719D14B7E00AE73C1;
					};
				};
			};
			buildConfigurationList = 17B2601319D14B7E00AE73C1 /* Build configuration list for PBXProject "SegmentControlView" */;
			compatibilityVersion = "Xcode 3.2";
			developmentRegion = English;
			hasScannedForEncodings = 0;
			knownRegions = (
				en,
				Base,
			);
			mainGroup = 17B2600F19D14B7E00AE73C1;
			productRefGroup = 17B2601919D14B7E00AE73C1 /* Products */;
			projectDirPath = "";
			projectRoot = "";
			targets = (
				17B2601719D14B7E00AE73C1 /* SegmentControlView */,
				17B2603019D14B7E00AE73C1 /* SegmentControlViewTests */,
			);
		};
/* End PBXProject section */

/* Begin PBXResourcesBuildPhase section */
		17B2601619D14B7E00AE73C1 /* Resources */ = {
			isa = PBXResourcesBuildPhase;
			buildActionMask = 2147483647;
			files = (
				17B2602719D14B7E00AE73C1 /* Main.storyboard in Resources */,
				17B2602C19D14B7E00AE73C1 /* LaunchScreen.xib in Resources */,
				17B2602919D14B7E00AE73C1 /* Images.xcassets in Resources */,
			);
			runOnlyForDeploymentPostprocessing = 0;
		};
		17B2602F19D14B7E00AE73C1 /* Resources */ = {
			isa = PBXResourcesBuildPhase;
			buildActionMask = 2147483647;
			files = (
			);
			runOnlyForDeploymentPostprocessing = 0;
		};
/* End PBXResourcesBuildPhase section */

/* Begin PBXSourcesBuildPhase section */
		17B2601419D14B7E00AE73C1 /* Sources */ = {
			isa = PBXSourcesBuildPhase;
			buildActionMask = 2147483647;
			files = (
				17B2602419D14B7E00AE73C1 /* ViewController.m in Sources */,
				17B2602119D14B7E00AE73C1 /* AppDelegate.m in Sources */,
				17B2604619D14C1A00AE73C1 /* SegmentView.m in Sources */,
				17B2601E19D14B7E00AE73C1 /* main.m in Sources */,
			);
			runOnlyForDeploymentPostprocessing = 0;
		};
		17B2602D19D14B7E00AE73C1 /* Sources */ = {
			isa = PBXSourcesBuildPhase;
			buildActionMask = 2147483647;
			files = (
				17B2603819D14B7E00AE73C1 /* SegmentControlViewTests.m in Sources */,
			);
			runOnlyForDeploymentPostprocessing = 0;
		};
/* End PBXSourcesBuildPhase section */

/* Begin PBXTargetDependency section */
		17B2603319D14B7E00AE73C1 /* PBXTargetDependency */ = {
			isa = PBXTargetDependency;
			target = 17B2601719D14B7E00AE73C1 /* SegmentControlView */;
			targetProxy = 17B2603219D14B7E00AE73C1 /* PBXContainerItemProxy */;
		};
/* End PBXTargetDependency section */

/* Begin PBXVariantGroup section */
		17B2602519D14B7E00AE73C1 /* Main.storyboard */ = {
			isa = PBXVariantGroup;
			children = (
				17B2602619D14B7E00AE73C1 /* Base */,
			);
			name = Main.storyboard;
			sourceTree = "<group>";
		};
		17B2602A19D14B7E00AE73C1 /* LaunchScreen.xib */ = {
			isa = PBXVariantGroup;
			children = (
				17B2602B19D14B7E00AE73C1 /* Base */,
			);
			name = LaunchScreen.xib;
			sourceTree = "<group>";
		};
/* End PBXVariantGroup section */

/* Begin XCBuildConfiguration section */
		17B2603919D14B7E00AE73C1 /* Debug */ = {
			isa = XCBuildConfiguration;
			buildSettings = {
				ALWAYS_SEARCH_USER_PATHS = NO;
				CLANG_CXX_LANGUAGE_STANDARD = "gnu++0x";
				CLANG_CXX_LIBRARY = "libc++";
				CLANG_ENABLE_MODULES = YES;
				CLANG_ENABLE_OBJC_ARC = YES;
				CLANG_WARN_BOOL_CONVERSION = YES;
				CLANG_WARN_CONSTANT_CONVERSION = YES;
				CLANG_WARN_DIRECT_OBJC_ISA_USAGE = YES_ERROR;
				CLANG_WARN_EMPTY_BODY = YES;
				CLANG_WARN_ENUM_CONVERSION = YES;
				CLANG_WARN_INT_CONVERSION = YES;
				CLANG_WARN_OBJC_ROOT_CLASS = YES_ERROR;
				CLANG_WARN_UNREACHABLE_CODE = YES;
				CLANG_WARN__DUPLICATE_METHOD_MATCH = YES;
				"CODE_SIGN_IDENTITY[sdk=iphoneos*]" = "iPhone Developer";
				COPY_PHASE_STRIP = NO;
				ENABLE_STRICT_OBJC_MSGSEND = YES;
				GCC_C_LANGUAGE_STANDARD = gnu99;
				GCC_DYNAMIC_NO_PIC = NO;
				GCC_OPTIMIZATION_LEVEL = 0;
				GCC_PREPROCESSOR_DEFINITIONS = (
					"DEBUG=1",
					"$(inherited)",
				);
				GCC_SYMBOLS_PRIVATE_EXTERN = NO;
				GCC_WARN_64_TO_32_BIT_CONVERSION = YES;
				GCC_WARN_ABOUT_RETURN_TYPE = YES_ERROR;
				GCC_WARN_UNDECLARED_SELECTOR = YES;
				GCC_WARN_UNINITIALIZED_AUTOS = YES_AGGRESSIVE;
				GCC_WARN_UNUSED_FUNCTION = YES;
				GCC_WARN_UNUSED_VARIABLE = YES;
				IPHONEOS_DEPLOYMENT_TARGET = 8.0;
				MTL_ENABLE_DEBUG_INFO = YES;
				ONLY_ACTIVE_ARCH = YES;
				SDKROOT = iphoneos;
			};
			name = Debug;
		};
		17B2603A19D14B7E00AE73C1 /* Release */ = {
			isa = XCBuildConfiguration;
			buildSettings = {
				ALWAYS_SEARCH_USER_PATHS = NO;
				CLANG_CXX_LANGUAGE_STANDARD = "gnu++0x";
				CLANG_CXX_LIBRARY = "libc++";
				CLANG_ENABLE_MODULES = YES;
				CLANG_ENABLE_OBJC_ARC = YES;
				CLANG_WARN_BOOL_CONVERSION = YES;
				CLANG_WARN_CONSTANT_CONVERSION = YES;
				CLANG_WARN_DIRECT_OBJC_ISA_USAGE = YES_ERROR;
				CLANG_WARN_EMPTY_BODY = YES;
				CLANG_WARN_ENUM_CONVERSION = YES;
				CLANG_WARN_INT_CONVERSION = YES;
				CLANG_WARN_OBJC_ROOT_CLASS = YES_ERROR;
				CLANG_WARN_UNREACHABLE_CODE = YES;
				CLANG_WARN__DUPLICATE_METHOD_MATCH = YES;
				"CODE_SIGN_IDENTITY[sdk=iphoneos*]" = "iPhone Developer";
				COPY_PHASE_STRIP = YES;
				ENABLE_NS_ASSERTIONS = NO;
				ENABLE_STRICT_OBJC_MSGSEND = YES;
				GCC_C_LANGUAGE_STANDARD = gnu99;
				GCC_WARN_64_TO_32_BIT_CONVERSION = YES;
				GCC_WARN_ABOUT_RETURN_TYPE = YES_ERROR;
				GCC_WARN_UNDECLARED_SELECTOR = YES;
				GCC_WARN_UNINITIALIZED_AUTOS = YES_AGGRESSIVE;
				GCC_WARN_UNUSED_FUNCTION = YES;
				GCC_WARN_UNUSED_VARIABLE = YES;
				IPHONEOS_DEPLOYMENT_TARGET = 8.0;
				MTL_ENABLE_DEBUG_INFO = NO;
				SDKROOT = iphoneos;
				VALIDATE_PRODUCT = YES;
			};
			name = Release;
		};
		17B2603C19D14B7E00AE73C1 /* Debug */ = {
			isa = XCBuildConfiguration;
			buildSettings = {
				ASSETCATALOG_COMPILER_APPICON_NAME = AppIcon;
				CLANG_ENABLE_OBJC_ARC = NO;
				INFOPLIST_FILE = SegmentControlView/Info.plist;
				LD_RUNPATH_SEARCH_PATHS = "$(inherited) @executable_path/Frameworks";
				PRODUCT_NAME = "$(TARGET_NAME)";
			};
			name = Debug;
		};
		17B2603D19D14B7E00AE73C1 /* Release */ = {
			isa = XCBuildConfiguration;
			buildSettings = {
				ASSETCATALOG_COMPILER_APPICON_NAME = AppIcon;
				CLANG_ENABLE_OBJC_ARC = NO;
				INFOPLIST_FILE = SegmentControlView/Info.plist;
				LD_RUNPATH_SEARCH_PATHS = "$(inherited) @executable_path/Frameworks";
				PRODUCT_NAME = "$(TARGET_NAME)";
			};
			name = Release;
		};
		17B2603F19D14B7E00AE73C1 /* Debug */ = {
			isa = XCBuildConfiguration;
			buildSettings = {
				BUNDLE_LOADER = "$(TEST_HOST)";
				FRAMEWORK_SEARCH_PATHS = (
					"$(SDKROOT)/Developer/Library/Frameworks",
					"$(inherited)",
				);
				GCC_PREPROCESSOR_DEFINITIONS = (
					"DEBUG=1",
					"$(inherited)",
				);
				INFOPLIST_FILE = SegmentControlViewTests/Info.plist;
				LD_RUNPATH_SEARCH_PATHS = "$(inherited) @executable_path/Frameworks @loader_path/Frameworks";
				PRODUCT_NAME = "$(TARGET_NAME)";
				TEST_HOST = "$(BUILT_PRODUCTS_DIR)/SegmentControlView.app/SegmentControlView";
			};
			name = Debug;
		};
		17B2604019D14B7E00AE73C1 /* Release */ = {
			isa = XCBuildConfiguration;
			buildSettings = {
				BUNDLE_LOADER = "$(TEST_HOST)";
				FRAMEWORK_SEARCH_PATHS = (
					"$(SDKROOT)/Developer/Library/Frameworks",
					"$(inherited)",
				);
				INFOPLIST_FILE = SegmentControlViewTests/Info.plist;
				LD_RUNPATH_SEARCH_PATHS = "$(inherited) @executable_path/Frameworks @loader_path/Frameworks";
				PRODUCT_NAME = "$(TARGET_NAME)";
				TEST_HOST = "$(BUILT_PRODUCTS_DIR)/SegmentControlView.app/SegmentControlView";
			};
			name = Release;
		};
/* End XCBuildConfiguration section */

/* Begin XCConfigurationList section */
		17B2601319D14B7E00AE73C1 /* Build configuration list for PBXProject "SegmentControlView" */ = {
			isa = XCConfigurationList;
			buildConfigurations = (
				17B2603919D14B7E00AE73C1 /* Debug */,
				17B2603A19D14B7E00AE73C1 /* Release */,
			);
			defaultConfigurationIsVisible = 0;
			defaultConfigurationName = Release;
		};
		17B2603B19D14B7E00AE73C1 /* Build configuration list for PBXNativeTarget "SegmentControlView" */ = {
			isa = XCConfigurationList;
			buildConfigurations = (
				17B2603C19D14B7E00AE73C1 /* Debug */,
				17B2603D19D14B7E00AE73C1 /* Release */,
			);
			defaultConfigurationIsVisible = 0;
		};
		17B2603E19D14B7E00AE73C1 /* Build configuration list for PBXNativeTarget "SegmentControlViewTests" */ = {
			isa = XCConfigurationList;
			buildConfigurations = (
				17B2603F19D14B7E00AE73C1 /* Debug */,
				17B2604019D14B7E00AE73C1 /* Release */,
			);
			defaultConfigurationIsVisible = 0;
		};
/* End XCConfigurationList section */
	};
	rootObject = 17B2601019D14B7E00AE73C1 /* Project object */;
}
